
Microsoft Visual Studio Solution File, Format Version 12.00
# Visual Studio 2012
Project("{FAE04EC0-301F-11D3-BF4B-00C04F79EFBC}") = "DocXToMarkdown", "DocXToMarkdown\DocXToMarkdown.csproj", "{E2A5DDE6-07F5-466E-B8C7-7496C74E3DEA}"
EndProject
Project("{FAE04EC0-301F-11D3-BF4B-00C04F79EFBC}") = "DocXToMarkdown.Tests", "DocXToMarkdown.Tests\DocXToMarkdown.Tests.csproj", "{CA2324A9-D653-4DED-958C-D502FAB024E1}"
EndProject
Global
	GlobalSection(SolutionConfigurationPlatforms) = preSolution
		Debug|Any CPU = Debug|Any CPU
		Release|Any CPU = Release|Any CPU
	EndGlobalSection
	GlobalSection(ProjectConfigurationPlatforms) = postSolution
		{E2A5DDE6-07F5-466E-B8C7-7496C74E3DEA}.Debug|Any CPU.ActiveCfg = Debug|Any CPU
		{E2A5DDE6-07F5-466E-B8C7-7496C74E3DEA}.Debug|Any CPU.Build.0 = Debug|Any CPU
		{E2A5DDE6-07F5-466E-B8C7-7496C74E3DEA}.Release|Any CPU.ActiveCfg = Release|Any CPU
		{E2A5DDE6-07F5-466E-B8C7-7496C74E3DEA}.Release|Any CPU.Build.0 = Release|Any CPU
		{CA2324A9-D653-4DED-958C-D502FAB024E1}.Debug|Any CPU.ActiveCfg = Debug|Any CPU
		{CA2324A9-D653-4DED-958C-D502FAB024E1}.Debug|Any CPU.Build.0 = Debug|Any CPU
		{CA2324A9-D653-4DED-958C-D502FAB024E1}.Release|Any CPU.ActiveCfg = Release|Any CPU
		{CA2324A9-D653-4DED-958C-D502FAB024E1}.Release|Any CPU.Build.0 = Release|Any CPU
	EndGlobalSection
	GlobalSection(SolutionProperties) = preSolution
		HideSolutionNode = FALSE
	EndGlobalSection
EndGlobal
